
Microsoft Visual Studio Solution File, Format Version 12.00
# Visual Studio 15
VisualStudioVersion = 15.0.28010.2016
MinimumVisualStudioVersion = 10.0.40219.1
Project("{9A19103F-16F7-4668-BE54-9A1E7A4F7556}") = "Microsoft.Azure.CloudEventsDec18", "src\Microsoft.Azure.CloudEventsDec18\Microsoft.Azure.CloudEventsDec18.csproj", "{C0D6D770-2FAD-4621-B444-909F05F1EA26}"
EndProject
Project("{FAE04EC0-301F-11D3-BF4B-00C04F79EFBC}") = "CloudEventsDec18Test", "test\CloudEventsDec18Test\CloudEventsDec18Test.csproj", "{3DF88ED7-817F-436F-A7C5-D66A27B3A6E4}"
EndProject
Global
	GlobalSection(SolutionConfigurationPlatforms) = preSolution
		Debug|Any CPU = Debug|Any CPU
		Release|Any CPU = Release|Any CPU
	EndGlobalSection
	GlobalSection(ProjectConfigurationPlatforms) = postSolution
		{C0D6D770-2FAD-4621-B444-909F05F1EA26}.Debug|Any CPU.ActiveCfg = Debug|Any CPU
		{C0D6D770-2FAD-4621-B444-909F05F1EA26}.Debug|Any CPU.Build.0 = Debug|Any CPU
		{C0D6D770-2FAD-4621-B444-909F05F1EA26}.Release|Any CPU.ActiveCfg = Release|Any CPU
		{C0D6D770-2FAD-4621-B444-909F05F1EA26}.Release|Any CPU.Build.0 = Release|Any CPU
		{3DF88ED7-817F-436F-A7C5-D66A27B3A6E4}.Debug|Any CPU.ActiveCfg = Debug|Any CPU
		{3DF88ED7-817F-436F-A7C5-D66A27B3A6E4}.Debug|Any CPU.Build.0 = Debug|Any CPU
		{3DF88ED7-817F-436F-A7C5-D66A27B3A6E4}.Release|Any CPU.ActiveCfg = Release|Any CPU
		{3DF88ED7-817F-436F-A7C5-D66A27B3A6E4}.Release|Any CPU.Build.0 = Release|Any CPU
	EndGlobalSection
	GlobalSection(SolutionProperties) = preSolution
		HideSolutionNode = FALSE
	EndGlobalSection
	GlobalSection(ExtensibilityGlobals) = postSolution
		SolutionGuid = {2E1E3172-B71C-43D4-A6E3-F1AB734D8B7E}
	EndGlobalSection
EndGlobal
